
Microsoft Visual Studio Solution File, Format Version 12.00
# Visual Studio Version 16
VisualStudioVersion = 16.0.29519.87
MinimumVisualStudioVersion = 10.0.40219.1
Project("{FAE04EC0-301F-11D3-BF4B-00C04F79EFBC}") = "Raschot", "Raschot\Raschot.csproj", "{7F88A97D-8D0E-45C1-B1D2-DE243683CD6A}"
EndProject
Global
	GlobalSection(SolutionConfigurationPlatforms) = preSolution
		Debug|Any CPU = Debug|Any CPU
		Release|Any CPU = Release|Any CPU
	EndGlobalSection
	GlobalSection(ProjectConfigurationPlatforms) = postSolution
		{7F88A97D-8D0E-45C1-B1D2-DE243683CD6A}.Debug|Any CPU.ActiveCfg = Debug|Any CPU
		{7F88A97D-8D0E-45C1-B1D2-DE243683CD6A}.Debug|Any CPU.Build.0 = Debug|Any CPU
		{7F88A97D-8D0E-45C1-B1D2-DE243683CD6A}.Release|Any CPU.ActiveCfg = Release|Any CPU
		{7F88A97D-8D0E-45C1-B1D2-DE243683CD6A}.Release|Any CPU.Build.0 = Release|Any CPU
	EndGlobalSection
	GlobalSection(SolutionProperties) = preSolution
		HideSolutionNode = FALSE
	EndGlobalSection
	GlobalSection(ExtensibilityGlobals) = postSolution
		SolutionGuid = {E15E356B-0F26-46AB-A170-08E2A1499235}
	EndGlobalSection
EndGlobal
